// !$*UTF8*$!
{
	archiveVersion = 1;
	classes = {
	};
	objectVersion = 46;
	objects = {

/* Begin PBXBuildFile section */
		43478C9A1A66026A00463B42 /* main.m in Sources */ = {isa = PBXBuildFile; fileRef = 43478C991A66026A00463B42 /* main.m */; };
		43478CA31A66026A00463B42 /* Main.storyboard in Resources */ = {isa = PBXBuildFile; fileRef = 43478CA11A66026A00463B42 /* Main.storyboard */; };
		43478CA51A66026A00463B42 /* Images.xcassets in Resources */ = {isa = PBXBuildFile; fileRef = 43478CA41A66026A00463B42 /* Images.xcassets */; };
		43478CA81A66026A00463B42 /* LaunchScreen.xib in Resources */ = {isa = PBXBuildFile; fileRef = 43478CA61A66026A00463B42 /* LaunchScreen.xib */; };
		43478CB41A66026A00463B42 /* RPOTCMPerformOperationToCompletionManagerTests.m in Sources */ = {isa = PBXBuildFile; fileRef = 43478CB31A66026A00463B42 /* RPOTCMPerformOperationToCompletionManagerTests.m */; };
		43478CC71A66032000463B42 /* AppDelegate.m in Sources */ = {isa = PBXBuildFile; fileRef = 43478CBF1A66032000463B42 /* AppDelegate.m */; };
		43478CC81A66032000463B42 /* RPOTCMPerformOperationToCompletionManager.m in Sources */ = {isa = PBXBuildFile; fileRef = 43478CC31A66032000463B42 /* RPOTCMPerformOperationToCompletionManager.m */; };
		43478CC91A66032000463B42 /* ViewController.m in Sources */ = {isa = PBXBuildFile; fileRef = 43478CC61A66032000463B42 /* ViewController.m */; };
		43478CCD1A66038500463B42 /* NSObject+RPOTCM_FXReachabilityNotifications.m in Sources */ = {isa = PBXBuildFile; fileRef = 43478CCC1A66038500463B42 /* NSObject+RPOTCM_FXReachabilityNotifications.m */; };
		43478CD71A6604E200463B42 /* RUClassOrNilUtil.m in Sources */ = {isa = PBXBuildFile; fileRef = 43478CD61A6604E200463B42 /* RUClassOrNilUtil.m */; };
/* End PBXBuildFile section */

/* Begin PBXContainerItemProxy section */
		43478CAE1A66026A00463B42 /* PBXContainerItemProxy */ = {
			isa = PBXContainerItemProxy;
			containerPortal = 43478C8C1A66026A00463B42 /* Project object */;
			proxyType = 1;
			remoteGlobalIDString = 43478C931A66026A00463B42;
			remoteInfo = RPOTCMPerformOperationToCompletionManager;
		};
/* End PBXContainerItemProxy section */

/* Begin PBXFileReference section */
		43478C941A66026A00463B42 /* RPOTCMPerformOperationToCompletionManager.app */ = {isa = PBXFileReference; explicitFileType = wrapper.application; includeInIndex = 0; path = RPOTCMPerformOperationToCompletionManager.app; sourceTree = BUILT_PRODUCTS_DIR; };
		43478C981A66026A00463B42 /* Info.plist */ = {isa = PBXFileReference; lastKnownFileType = text.plist.xml; path = Info.plist; sourceTree = "<group>"; };
		43478C991A66026A00463B42 /* main.m */ = {isa = PBXFileReference; lastKnownFileType = sourcecode.c.objc; path = main.m; sourceTree = "<group>"; };
		43478CA21A66026A00463B42 /* Base */ = {isa = PBXFileReference; lastKnownFileType = file.storyboard; name = Base; path = Base.lproj/Main.storyboard; sourceTree = "<group>"; };
		43478CA41A66026A00463B42 /* Images.xcassets */ = {isa = PBXFileReference; lastKnownFileType = folder.assetcatalog; path = Images.xcassets; sourceTree = "<group>"; };
		43478CA71A66026A00463B42 /* Base */ = {isa = PBXFileReference; lastKnownFileType = file.xib; name = Base; path = Base.lproj/LaunchScreen.xib; sourceTree = "<group>"; };
		43478CAD1A66026A00463B42 /* RPOTCMPerformOperationToCompletionManagerTests.xctest */ = {isa = PBXFileReference; explicitFileType = wrapper.cfbundle; includeInIndex = 0; path = RPOTCMPerformOperationToCompletionManagerTests.xctest; sourceTree = BUILT_PRODUCTS_DIR; };
		43478CB21A66026A00463B42 /* Info.plist */ = {isa = PBXFileReference; lastKnownFileType = text.plist.xml; path = Info.plist; sourceTree = "<group>"; };
		43478CB31A66026A00463B42 /* RPOTCMPerformOperationToCompletionManagerTests.m */ = {isa = PBXFileReference; lastKnownFileType = sourcecode.c.objc; path = RPOTCMPerformOperationToCompletionManagerTests.m; sourceTree = "<group>"; };
		43478CBE1A66032000463B42 /* AppDelegate.h */ = {isa = PBXFileReference; fileEncoding = 4; lastKnownFileType = sourcecode.c.h; path = AppDelegate.h; sourceTree = "<group>"; };
		43478CBF1A66032000463B42 /* AppDelegate.m */ = {isa = PBXFileReference; fileEncoding = 4; lastKnownFileType = sourcecode.c.objc; path = AppDelegate.m; sourceTree = "<group>"; };
		43478CC21A66032000463B42 /* RPOTCMPerformOperationToCompletionManager.h */ = {isa = PBXFileReference; fileEncoding = 4; lastKnownFileType = sourcecode.c.h; path = RPOTCMPerformOperationToCompletionManager.h; sourceTree = "<group>"; };
		43478CC31A66032000463B42 /* RPOTCMPerformOperationToCompletionManager.m */ = {isa = PBXFileReference; fileEncoding = 4; lastKnownFileType = sourcecode.c.objc; path = RPOTCMPerformOperationToCompletionManager.m; sourceTree = "<group>"; };
		43478CC41A66032000463B42 /* RPOTCMPerformOperationToCompletionManagerProtocols.h */ = {isa = PBXFileReference; fileEncoding = 4; lastKnownFileType = sourcecode.c.h; path = RPOTCMPerformOperationToCompletionManagerProtocols.h; sourceTree = "<group>"; };
		43478CC51A66032000463B42 /* ViewController.h */ = {isa = PBXFileReference; fileEncoding = 4; lastKnownFileType = sourcecode.c.h; path = ViewController.h; sourceTree = "<group>"; };
		43478CC61A66032000463B42 /* ViewController.m */ = {isa = PBXFileReference; fileEncoding = 4; lastKnownFileType = sourcecode.c.objc; path = ViewController.m; sourceTree = "<group>"; };
		43478CCB1A66038500463B42 /* NSObject+RPOTCM_FXReachabilityNotifications.h */ = {isa = PBXFileReference; fileEncoding = 4; lastKnownFileType = sourcecode.c.h; path = "NSObject+RPOTCM_FXReachabilityNotifications.h"; sourceTree = "<group>"; };
		43478CCC1A66038500463B42 /* NSObject+RPOTCM_FXReachabilityNotifications.m */ = {isa = PBXFileReference; fileEncoding = 4; lastKnownFileType = sourcecode.c.objc; path = "NSObject+RPOTCM_FXReachabilityNotifications.m"; sourceTree = "<group>"; };
		43478CD01A66045100463B42 /* RUConditionalReturn.h */ = {isa = PBXFileReference; fileEncoding = 4; lastKnownFileType = sourcecode.c.h; path = RUConditionalReturn.h; sourceTree = "<group>"; };
		43478CD11A66045100463B42 /* RUNotifications.h */ = {isa = PBXFileReference; fileEncoding = 4; lastKnownFileType = sourcecode.c.h; path = RUNotifications.h; sourceTree = "<group>"; };
		43478CD21A66045100463B42 /* RUProtocolOrNil.h */ = {isa = PBXFileReference; fileEncoding = 4; lastKnownFileType = sourcecode.c.h; path = RUProtocolOrNil.h; sourceTree = "<group>"; };
		43478CD31A66045100463B42 /* RUSingleton.h */ = {isa = PBXFileReference; fileEncoding = 4; lastKnownFileType = sourcecode.c.h; path = RUSingleton.h; sourceTree = "<group>"; };
		43478CD41A6604CD00463B42 /* RUSynthesizeAssociatedObjects.h */ = {isa = PBXFileReference; lastKnownFileType = sourcecode.c.h; path = RUSynthesizeAssociatedObjects.h; sourceTree = "<group>"; };
		43478CD51A6604E200463B42 /* RUClassOrNilUtil.h */ = {isa = PBXFileReference; fileEncoding = 4; lastKnownFileType = sourcecode.c.h; path = RUClassOrNilUtil.h; sourceTree = "<group>"; };
		43478CD61A6604E200463B42 /* RUClassOrNilUtil.m */ = {isa = PBXFileReference; fileEncoding = 4; lastKnownFileType = sourcecode.c.objc; path = RUClassOrNilUtil.m; sourceTree = "<group>"; };
/* End PBXFileReference section */

/* Begin PBXFrameworksBuildPhase section */
		43478C911A66026A00463B42 /* Frameworks */ = {
			isa = PBXFrameworksBuildPhase;
			buildActionMask = 2147483647;
			files = (
			);
			runOnlyForDeploymentPostprocessing = 0;
		};
		43478CAA1A66026A00463B42 /* Frameworks */ = {
			isa = PBXFrameworksBuildPhase;
			buildActionMask = 2147483647;
			files = (
			);
			runOnlyForDeploymentPostprocessing = 0;
		};
/* End PBXFrameworksBuildPhase section */

/* Begin PBXGroup section */
		43478C8B1A66026A00463B42 = {
			isa = PBXGroup;
			children = (
				43478C961A66026A00463B42 /* RPOTCMPerformOperationToCompletionManager */,
				43478CB01A66026A00463B42 /* RPOTCMPerformOperationToCompletionManagerTests */,
				43478C951A66026A00463B42 /* Products */,
			);
			sourceTree = "<group>";
		};
		43478C951A66026A00463B42 /* Products */ = {
			isa = PBXGroup;
			children = (
				43478C941A66026A00463B42 /* RPOTCMPerformOperationToCompletionManager.app */,
				43478CAD1A66026A00463B42 /* RPOTCMPerformOperationToCompletionManagerTests.xctest */,
			);
			name = Products;
			sourceTree = "<group>";
		};
		43478C961A66026A00463B42 /* RPOTCMPerformOperationToCompletionManager */ = {
			isa = PBXGroup;
			children = (
				43478CBD1A66032000463B42 /* Code */,
				43478CA11A66026A00463B42 /* Main.storyboard */,
				43478CA41A66026A00463B42 /* Images.xcassets */,
				43478CA61A66026A00463B42 /* LaunchScreen.xib */,
				43478C971A66026A00463B42 /* Supporting Files */,
			);
			path = RPOTCMPerformOperationToCompletionManager;
			sourceTree = "<group>";
		};
		43478C971A66026A00463B42 /* Supporting Files */ = {
			isa = PBXGroup;
			children = (
				43478C981A66026A00463B42 /* Info.plist */,
				43478C991A66026A00463B42 /* main.m */,
			);
			name = "Supporting Files";
			sourceTree = "<group>";
		};
		43478CB01A66026A00463B42 /* RPOTCMPerformOperationToCompletionManagerTests */ = {
			isa = PBXGroup;
			children = (
				43478CB31A66026A00463B42 /* RPOTCMPerformOperationToCompletionManagerTests.m */,
				43478CB11A66026A00463B42 /* Supporting Files */,
			);
			path = RPOTCMPerformOperationToCompletionManagerTests;
			sourceTree = "<group>";
		};
		43478CB11A66026A00463B42 /* Supporting Files */ = {
			isa = PBXGroup;
			children = (
				43478CB21A66026A00463B42 /* Info.plist */,
			);
			name = "Supporting Files";
			sourceTree = "<group>";
		};
		43478CBD1A66032000463B42 /* Code */ = {
			isa = PBXGroup;
			children = (
				43478CBE1A66032000463B42 /* AppDelegate.h */,
				43478CBF1A66032000463B42 /* AppDelegate.m */,
				43478CCE1A66045100463B42 /* ResplendentUtilities */,
				43478CC01A66032000463B42 /* RPOTCMPerformOperationToCompletionManager */,
				43478CC51A66032000463B42 /* ViewController.h */,
				43478CC61A66032000463B42 /* ViewController.m */,
			);
			path = Code;
			sourceTree = "<group>";
		};
		43478CC01A66032000463B42 /* RPOTCMPerformOperationToCompletionManager */ = {
			isa = PBXGroup;
			children = (
				43478CCA1A66035000463B42 /* Category */,
				43478CC11A66032000463B42 /* RUPerformOperationToCompletionManager */,
			);
			path = RPOTCMPerformOperationToCompletionManager;
			sourceTree = "<group>";
		};
		43478CC11A66032000463B42 /* RUPerformOperationToCompletionManager */ = {
			isa = PBXGroup;
			children = (
				43478CC21A66032000463B42 /* RPOTCMPerformOperationToCompletionManager.h */,
				43478CC31A66032000463B42 /* RPOTCMPerformOperationToCompletionManager.m */,
				43478CC41A66032000463B42 /* RPOTCMPerformOperationToCompletionManagerProtocols.h */,
			);
			path = RUPerformOperationToCompletionManager;
			sourceTree = "<group>";
		};
		43478CCA1A66035000463B42 /* Category */ = {
			isa = PBXGroup;
			children = (
				43478CCB1A66038500463B42 /* NSObject+RPOTCM_FXReachabilityNotifications.h */,
				43478CCC1A66038500463B42 /* NSObject+RPOTCM_FXReachabilityNotifications.m */,
			);
			path = Category;
			sourceTree = "<group>";
		};
		43478CCE1A66045100463B42 /* ResplendentUtilities */ = {
			isa = PBXGroup;
			children = (
				43478CCF1A66045100463B42 /* Misc */,
			);
			path = ResplendentUtilities;
			sourceTree = "<group>";
		};
		43478CCF1A66045100463B42 /* Misc */ = {
			isa = PBXGroup;
			children = (
				43478CD51A6604E200463B42 /* RUClassOrNilUtil.h */,
				43478CD61A6604E200463B42 /* RUClassOrNilUtil.m */,
				43478CD01A66045100463B42 /* RUConditionalReturn.h */,
				43478CD11A66045100463B42 /* RUNotifications.h */,
				43478CD21A66045100463B42 /* RUProtocolOrNil.h */,
				43478CD31A66045100463B42 /* RUSingleton.h */,
				43478CD41A6604CD00463B42 /* RUSynthesizeAssociatedObjects.h */,
			);
			path = Misc;
			sourceTree = "<group>";
		};
/* End PBXGroup section */

/* Begin PBXNativeTarget section */
		43478C931A66026A00463B42 /* RPOTCMPerformOperationToCompletionManager */ = {
			isa = PBXNativeTarget;
			buildConfigurationList = 43478CB71A66026A00463B42 /* Build configuration list for PBXNativeTarget "RPOTCMPerformOperationToCompletionManager" */;
			buildPhases = (
				43478C901A66026A00463B42 /* Sources */,
				43478C911A66026A00463B42 /* Frameworks */,
				43478C921A66026A00463B42 /* Resources */,
			);
			buildRules = (
			);
			dependencies = (
			);
			name = RPOTCMPerformOperationToCompletionManager;
			productName = RPOTCMPerformOperationToCompletionManager;
			productReference = 43478C941A66026A00463B42 /* RPOTCMPerformOperationToCompletionManager.app */;
			productType = "com.apple.product-type.application";
		};
		43478CAC1A66026A00463B42 /* RPOTCMPerformOperationToCompletionManagerTests */ = {
			isa = PBXNativeTarget;
			buildConfigurationList = 43478CBA1A66026A00463B42 /* Build configuration list for PBXNativeTarget "RPOTCMPerformOperationToCompletionManagerTests" */;
			buildPhases = (
				43478CA91A66026A00463B42 /* Sources */,
				43478CAA1A66026A00463B42 /* Frameworks */,
				43478CAB1A66026A00463B42 /* Resources */,
			);
			buildRules = (
			);
			dependencies = (
				43478CAF1A66026A00463B42 /* PBXTargetDependency */,
			);
			name = RPOTCMPerformOperationToCompletionManagerTests;
			productName = RPOTCMPerformOperationToCompletionManagerTests;
			productReference = 43478CAD1A66026A00463B42 /* RPOTCMPerformOperationToCompletionManagerTests.xctest */;
			productType = "com.apple.product-type.bundle.unit-test";
		};
/* End PBXNativeTarget section */

/* Begin PBXProject section */
		43478C8C1A66026A00463B42 /* Project object */ = {
			isa = PBXProject;
			attributes = {
				LastUpgradeCheck = 0610;
				ORGANIZATIONNAME = Resplendent;
				TargetAttributes = {
					43478C931A66026A00463B42 = {
						CreatedOnToolsVersion = 6.1.1;
					};
					43478CAC1A66026A00463B42 = {
						CreatedOnToolsVersion = 6.1.1;
						TestTargetID = 43478C931A66026A00463B42;
					};
				};
			};
			buildConfigurationList = 43478C8F1A66026A00463B42 /* Build configuration list for PBXProject "RPOTCMPerformOperationToCompletionManager" */;
			compatibilityVersion = "Xcode 3.2";
			developmentRegion = English;
			hasScannedForEncodings = 0;
			knownRegions = (
				en,
				Base,
			);
			mainGroup = 43478C8B1A66026A00463B42;
			productRefGroup = 43478C951A66026A00463B42 /* Products */;
			projectDirPath = "";
			projectRoot = "";
			targets = (
				43478C931A66026A00463B42 /* RPOTCMPerformOperationToCompletionManager */,
				43478CAC1A66026A00463B42 /* RPOTCMPerformOperationToCompletionManagerTests */,
			);
		};
/* End PBXProject section */

/* Begin PBXResourcesBuildPhase section */
		43478C921A66026A00463B42 /* Resources */ = {
			isa = PBXResourcesBuildPhase;
			buildActionMask = 2147483647;
			files = (
				43478CA31A66026A00463B42 /* Main.storyboard in Resources */,
				43478CA81A66026A00463B42 /* LaunchScreen.xib in Resources */,
				43478CA51A66026A00463B42 /* Images.xcassets in Resources */,
			);
			runOnlyForDeploymentPostprocessing = 0;
		};
		43478CAB1A66026A00463B42 /* Resources */ = {
			isa = PBXResourcesBuildPhase;
			buildActionMask = 2147483647;
			files = (
			);
			runOnlyForDeploymentPostprocessing = 0;
		};
/* End PBXResourcesBuildPhase section */

/* Begin PBXSourcesBuildPhase section */
		43478C901A66026A00463B42 /* Sources */ = {
			isa = PBXSourcesBuildPhase;
			buildActionMask = 2147483647;
			files = (
				43478CC71A66032000463B42 /* AppDelegate.m in Sources */,
				43478CCD1A66038500463B42 /* NSObject+RPOTCM_FXReachabilityNotifications.m in Sources */,
				43478CD71A6604E200463B42 /* RUClassOrNilUtil.m in Sources */,
				43478CC81A66032000463B42 /* RPOTCMPerformOperationToCompletionManager.m in Sources */,
				43478CC91A66032000463B42 /* ViewController.m in Sources */,
				43478C9A1A66026A00463B42 /* main.m in Sources */,
			);
			runOnlyForDeploymentPostprocessing = 0;
		};
		43478CA91A66026A00463B42 /* Sources */ = {
			isa = PBXSourcesBuildPhase;
			buildActionMask = 2147483647;
			files = (
				43478CB41A66026A00463B42 /* RPOTCMPerformOperationToCompletionManagerTests.m in Sources */,
			);
			runOnlyForDeploymentPostprocessing = 0;
		};
/* End PBXSourcesBuildPhase section */

/* Begin PBXTargetDependency section */
		43478CAF1A66026A00463B42 /* PBXTargetDependency */ = {
			isa = PBXTargetDependency;
			target = 43478C931A66026A00463B42 /* RPOTCMPerformOperationToCompletionManager */;
			targetProxy = 43478CAE1A66026A00463B42 /* PBXContainerItemProxy */;
		};
/* End PBXTargetDependency section */

/* Begin PBXVariantGroup section */
		43478CA11A66026A00463B42 /* Main.storyboard */ = {
			isa = PBXVariantGroup;
			children = (
				43478CA21A66026A00463B42 /* Base */,
			);
			name = Main.storyboard;
			sourceTree = "<group>";
		};
		43478CA61A66026A00463B42 /* LaunchScreen.xib */ = {
			isa = PBXVariantGroup;
			children = (
				43478CA71A66026A00463B42 /* Base */,
			);
			name = LaunchScreen.xib;
			sourceTree = "<group>";
		};
/* End PBXVariantGroup section */

/* Begin XCBuildConfiguration section */
		43478CB51A66026A00463B42 /* Debug */ = {
			isa = XCBuildConfiguration;
			buildSettings = {
				ALWAYS_SEARCH_USER_PATHS = NO;
				CLANG_CXX_LANGUAGE_STANDARD = "gnu++0x";
				CLANG_CXX_LIBRARY = "libc++";
				CLANG_ENABLE_MODULES = YES;
				CLANG_ENABLE_OBJC_ARC = YES;
				CLANG_WARN_BOOL_CONVERSION = YES;
				CLANG_WARN_CONSTANT_CONVERSION = YES;
				CLANG_WARN_DIRECT_OBJC_ISA_USAGE = YES_ERROR;
				CLANG_WARN_EMPTY_BODY = YES;
				CLANG_WARN_ENUM_CONVERSION = YES;
				CLANG_WARN_INT_CONVERSION = YES;
				CLANG_WARN_OBJC_ROOT_CLASS = YES_ERROR;
				CLANG_WARN_UNREACHABLE_CODE = YES;
				CLANG_WARN__DUPLICATE_METHOD_MATCH = YES;
				"CODE_SIGN_IDENTITY[sdk=iphoneos*]" = "iPhone Developer";
				COPY_PHASE_STRIP = NO;
				ENABLE_STRICT_OBJC_MSGSEND = YES;
				GCC_C_LANGUAGE_STANDARD = gnu99;
				GCC_DYNAMIC_NO_PIC = NO;
				GCC_OPTIMIZATION_LEVEL = 0;
				GCC_PREPROCESSOR_DEFINITIONS = (
					"DEBUG=1",
					"$(inherited)",
				);
				GCC_SYMBOLS_PRIVATE_EXTERN = NO;
				GCC_WARN_64_TO_32_BIT_CONVERSION = YES;
				GCC_WARN_ABOUT_RETURN_TYPE = YES_ERROR;
				GCC_WARN_UNDECLARED_SELECTOR = YES;
				GCC_WARN_UNINITIALIZED_AUTOS = YES_AGGRESSIVE;
				GCC_WARN_UNUSED_FUNCTION = YES;
				GCC_WARN_UNUSED_VARIABLE = YES;
				IPHONEOS_DEPLOYMENT_TARGET = 8.1;
				MTL_ENABLE_DEBUG_INFO = YES;
				ONLY_ACTIVE_ARCH = YES;
				SDKROOT = iphoneos;
				TARGETED_DEVICE_FAMILY = "1,2";
			};
			name = Debug;
		};
		43478CB61A66026A00463B42 /* Release */ = {
			isa = XCBuildConfiguration;
			buildSettings = {
				ALWAYS_SEARCH_USER_PATHS = NO;
				CLANG_CXX_LANGUAGE_STANDARD = "gnu++0x";
				CLANG_CXX_LIBRARY = "libc++";
				CLANG_ENABLE_MODULES = YES;
				CLANG_ENABLE_OBJC_ARC = YES;
				CLANG_WARN_BOOL_CONVERSION = YES;
				CLANG_WARN_CONSTANT_CONVERSION = YES;
				CLANG_WARN_DIRECT_OBJC_ISA_USAGE = YES_ERROR;
				CLANG_WARN_EMPTY_BODY = YES;
				CLANG_WARN_ENUM_CONVERSION = YES;
				CLANG_WARN_INT_CONVERSION = YES;
				CLANG_WARN_OBJC_ROOT_CLASS = YES_ERROR;
				CLANG_WARN_UNREACHABLE_CODE = YES;
				CLANG_WARN__DUPLICATE_METHOD_MATCH = YES;
				"CODE_SIGN_IDENTITY[sdk=iphoneos*]" = "iPhone Developer";
				COPY_PHASE_STRIP = YES;
				ENABLE_NS_ASSERTIONS = NO;
				ENABLE_STRICT_OBJC_MSGSEND = YES;
				GCC_C_LANGUAGE_STANDARD = gnu99;
				GCC_WARN_64_TO_32_BIT_CONVERSION = YES;
				GCC_WARN_ABOUT_RETURN_TYPE = YES_ERROR;
				GCC_WARN_UNDECLARED_SELECTOR = YES;
				GCC_WARN_UNINITIALIZED_AUTOS = YES_AGGRESSIVE;
				GCC_WARN_UNUSED_FUNCTION = YES;
				GCC_WARN_UNUSED_VARIABLE = YES;
				IPHONEOS_DEPLOYMENT_TARGET = 8.1;
				MTL_ENABLE_DEBUG_INFO = NO;
				SDKROOT = iphoneos;
				TARGETED_DEVICE_FAMILY = "1,2";
				VALIDATE_PRODUCT = YES;
			};
			name = Release;
		};
		43478CB81A66026A00463B42 /* Debug */ = {
			isa = XCBuildConfiguration;
			buildSettings = {
				ASSETCATALOG_COMPILER_APPICON_NAME = AppIcon;
				INFOPLIST_FILE = RPOTCMPerformOperationToCompletionManager/Info.plist;
				LD_RUNPATH_SEARCH_PATHS = "$(inherited) @executable_path/Frameworks";
				PRODUCT_NAME = "$(TARGET_NAME)";
			};
			name = Debug;
		};
		43478CB91A66026A00463B42 /* Release */ = {
			isa = XCBuildConfiguration;
			buildSettings = {
				ASSETCATALOG_COMPILER_APPICON_NAME = AppIcon;
				INFOPLIST_FILE = RPOTCMPerformOperationToCompletionManager/Info.plist;
				LD_RUNPATH_SEARCH_PATHS = "$(inherited) @executable_path/Frameworks";
				PRODUCT_NAME = "$(TARGET_NAME)";
			};
			name = Release;
		};
		43478CBB1A66026A00463B42 /* Debug */ = {
			isa = XCBuildConfiguration;
			buildSettings = {
				BUNDLE_LOADER = "$(TEST_HOST)";
				FRAMEWORK_SEARCH_PATHS = (
					"$(SDKROOT)/Developer/Library/Frameworks",
					"$(inherited)",
				);
				GCC_PREPROCESSOR_DEFINITIONS = (
					"DEBUG=1",
					"$(inherited)",
				);
				INFOPLIST_FILE = RPOTCMPerformOperationToCompletionManagerTests/Info.plist;
				LD_RUNPATH_SEARCH_PATHS = "$(inherited) @executable_path/Frameworks @loader_path/Frameworks";
				PRODUCT_NAME = "$(TARGET_NAME)";
				TEST_HOST = "$(BUILT_PRODUCTS_DIR)/RPOTCMPerformOperationToCompletionManager.app/RPOTCMPerformOperationToCompletionManager";
			};
			name = Debug;
		};
		43478CBC1A66026A00463B42 /* Release */ = {
			isa = XCBuildConfiguration;
			buildSettings = {
				BUNDLE_LOADER = "$(TEST_HOST)";
				FRAMEWORK_SEARCH_PATHS = (
					"$(SDKROOT)/Developer/Library/Frameworks",
					"$(inherited)",
				);
				INFOPLIST_FILE = RPOTCMPerformOperationToCompletionManagerTests/Info.plist;
				LD_RUNPATH_SEARCH_PATHS = "$(inherited) @executable_path/Frameworks @loader_path/Frameworks";
				PRODUCT_NAME = "$(TARGET_NAME)";
				TEST_HOST = "$(BUILT_PRODUCTS_DIR)/RPOTCMPerformOperationToCompletionManager.app/RPOTCMPerformOperationToCompletionManager";
			};
			name = Release;
		};
/* End XCBuildConfiguration section */

/* Begin XCConfigurationList section */
		43478C8F1A66026A00463B42 /* Build configuration list for PBXProject "RPOTCMPerformOperationToCompletionManager" */ = {
			isa = XCConfigurationList;
			buildConfigurations = (
				43478CB51A66026A00463B42 /* Debug */,
				43478CB61A66026A00463B42 /* Release */,
			);
			defaultConfigurationIsVisible = 0;
			defaultConfigurationName = Release;
		};
		43478CB71A66026A00463B42 /* Build configuration list for PBXNativeTarget "RPOTCMPerformOperationToCompletionManager" */ = {
			isa = XCConfigurationList;
			buildConfigurations = (
				43478CB81A66026A00463B42 /* Debug */,
				43478CB91A66026A00463B42 /* Release */,
			);
			defaultConfigurationIsVisible = 0;
			defaultConfigurationName = Release;
		};
		43478CBA1A66026A00463B42 /* Build configuration list for PBXNativeTarget "RPOTCMPerformOperationToCompletionManagerTests" */ = {
			isa = XCConfigurationList;
			buildConfigurations = (
				43478CBB1A66026A00463B42 /* Debug */,
				43478CBC1A66026A00463B42 /* Release */,
			);
			defaultConfigurationIsVisible = 0;
			defaultConfigurationName = Release;
		};
/* End XCConfigurationList section */
	};
	rootObject = 43478C8C1A66026A00463B42 /* Project object */;
}
