PODS:
  - Expecta (1.0.0)
  - Expecta+Snapshots (1.3.4):
    - Expecta (~> 1.0)
    - FBSnapshotTestCase (~> 1.8)
  - FBSnapshotTestCase (1.8.1)
  - FXReachability (1.3)
  - ResplendentUtilities (0.2.7)
  - RPOTCMPerformOperationToCompletionManager (0.1.0):
    - FXReachability (= 1.3)
    - ResplendentUtilities (~> 0.2)
  - Specta (1.0.2)

DEPENDENCIES:
  - Expecta
  - Expecta+Snapshots
  - FBSnapshotTestCase
  - RPOTCMPerformOperationToCompletionManager (from `../`)
  - Specta

EXTERNAL SOURCES:
  RPOTCMPerformOperationToCompletionManager:
    :path: ../

SPEC CHECKSUMS:
  Expecta: 32604574add2c46a36f8d2f716b6c5736eb75024
  Expecta+Snapshots: ca15bfb57e7a0f78f86c7699c2c54ffacfa4ad2a
  FBSnapshotTestCase: 3dc3899168747a0319c5278f5b3445c13a6532dd
  FXReachability: fc1ea418e5db48cc3e0dd7748f7baf80b144f50f
  ResplendentUtilities: fec98a58db6572b436b7deb151e091ba3cd301c6
  RPOTCMPerformOperationToCompletionManager: 8af151b84477b14a3d7d8ab660bc67eb0a33c647
  Specta: 9cec98310dca411f7c7ffd6943552b501622abfe

COCOAPODS: 0.37.2
